
Microsoft Visual Studio Solution File, Format Version 12.00
# Visual Studio Version 17
VisualStudioVersion = 17.5.002.0
MinimumVisualStudioVersion = 10.0.40219.1
Project("{9A19103F-16F7-4668-BE54-9A1E7A4F7556}") = "usersAPI", "usersAPI.csproj", "{F83C4055-3BFF-4235-ADA8-B206B0B6D531}"
EndProject
Project("{FAE04EC0-301F-11D3-BF4B-00C04F79EFBC}") = "usersAPI.Tests", "tests\usersAPI.Tests.csproj", "{3630A979-CC64-460B-8DA9-08AB355317CD}"
EndProject
Global
	GlobalSection(SolutionConfigurationPlatforms) = preSolution
		Debug|Any CPU = Debug|Any CPU
		Release|Any CPU = Release|Any CPU
	EndGlobalSection
	GlobalSection(ProjectConfigurationPlatforms) = postSolution
		{F83C4055-3BFF-4235-ADA8-B206B0B6D531}.Debug|Any CPU.ActiveCfg = Debug|Any CPU
		{F83C4055-3BFF-4235-ADA8-B206B0B6D531}.Debug|Any CPU.Build.0 = Debug|Any CPU
		{F83C4055-3BFF-4235-ADA8-B206B0B6D531}.Release|Any CPU.ActiveCfg = Release|Any CPU
		{F83C4055-3BFF-4235-ADA8-B206B0B6D531}.Release|Any CPU.Build.0 = Release|Any CPU
		{3630A979-CC64-460B-8DA9-08AB355317CD}.Debug|Any CPU.ActiveCfg = Debug|Any CPU
		{3630A979-CC64-460B-8DA9-08AB355317CD}.Debug|Any CPU.Build.0 = Debug|Any CPU
		{3630A979-CC64-460B-8DA9-08AB355317CD}.Release|Any CPU.ActiveCfg = Release|Any CPU
		{3630A979-CC64-460B-8DA9-08AB355317CD}.Release|Any CPU.Build.0 = Release|Any CPU
	EndGlobalSection
	GlobalSection(SolutionProperties) = preSolution
		HideSolutionNode = FALSE
	EndGlobalSection
	GlobalSection(ExtensibilityGlobals) = postSolution
		SolutionGuid = {FB95EAD4-B565-42B1-BCEA-A73818930DD4}
	EndGlobalSection
EndGlobal
